
Microsoft Visual Studio Solution File, Format Version 12.00
# Visual Studio Version 16
VisualStudioVersion = 16.0.31729.503
MinimumVisualStudioVersion = 10.0.40219.1
Project("{FAE04EC0-301F-11D3-BF4B-00C04F79EFBC}") = "Lab_21", "Lab_21.csproj", "{23E1DF88-A23A-48BF-BA82-40AA6FE90142}"
EndProject
Global
	GlobalSection(SolutionConfigurationPlatforms) = preSolution
		Debug|Any CPU = Debug|Any CPU
		Release|Any CPU = Release|Any CPU
	EndGlobalSection
	GlobalSection(ProjectConfigurationPlatforms) = postSolution
		{23E1DF88-A23A-48BF-BA82-40AA6FE90142}.Debug|Any CPU.ActiveCfg = Debug|Any CPU
		{23E1DF88-A23A-48BF-BA82-40AA6FE90142}.Debug|Any CPU.Build.0 = Debug|Any CPU
		{23E1DF88-A23A-48BF-BA82-40AA6FE90142}.Release|Any CPU.ActiveCfg = Release|Any CPU
		{23E1DF88-A23A-48BF-BA82-40AA6FE90142}.Release|Any CPU.Build.0 = Release|Any CPU
	EndGlobalSection
	GlobalSection(SolutionProperties) = preSolution
		HideSolutionNode = FALSE
	EndGlobalSection
	GlobalSection(ExtensibilityGlobals) = postSolution
		SolutionGuid = {378E78AC-CBA1-41A2-8387-E3DA5C782EF0}
	EndGlobalSection
EndGlobal
